// !$*UTF8*$!
{
	archiveVersion = 1;
	classes = {
	};
	objectVersion = 46;
	objects = {

/* Begin PBXBuildFile section */
		254B2FD01866A3880071CE98 /* Foundation.framework in Frameworks */ = {isa = PBXBuildFile; fileRef = 254B2FCF1866A3880071CE98 /* Foundation.framework */; };
		254B2FD21866A3880071CE98 /* CoreGraphics.framework in Frameworks */ = {isa = PBXBuildFile; fileRef = 254B2FD11866A3880071CE98 /* CoreGraphics.framework */; };
		254B2FD41866A3880071CE98 /* UIKit.framework in Frameworks */ = {isa = PBXBuildFile; fileRef = 254B2FD31866A3880071CE98 /* UIKit.framework */; };
		254B2FDA1866A3880071CE98 /* InfoPlist.strings in Resources */ = {isa = PBXBuildFile; fileRef = 254B2FD81866A3880071CE98 /* InfoPlist.strings */; };
		254B2FDC1866A3880071CE98 /* main.m in Sources */ = {isa = PBXBuildFile; fileRef = 254B2FDB1866A3880071CE98 /* main.m */; };
		254B2FE01866A3880071CE98 /* AppDelegate.m in Sources */ = {isa = PBXBuildFile; fileRef = 254B2FDF1866A3880071CE98 /* AppDelegate.m */; };
		254B2FE21866A3880071CE98 /* Images.xcassets in Resources */ = {isa = PBXBuildFile; fileRef = 254B2FE11866A3880071CE98 /* Images.xcassets */; };
		254B300B1866A4760071CE98 /* Localizable.strings in Resources */ = {isa = PBXBuildFile; fileRef = 254B30031866A4760071CE98 /* Localizable.strings */; };
		254B300C1866A4760071CE98 /* NSString+StringBuilderTestLocalizationReader.m in Sources */ = {isa = PBXBuildFile; fileRef = 254B300A1866A4760071CE98 /* NSString+StringBuilderTestLocalizationReader.m */; };
		254B30121866A5520071CE98 /* ViewController.m in Sources */ = {isa = PBXBuildFile; fileRef = 254B30111866A5520071CE98 /* ViewController.m */; };
		254B301F186805910071CE98 /* ViewController.xib in Resources */ = {isa = PBXBuildFile; fileRef = 254B301E186805910071CE98 /* ViewController.xib */; };
		254B303318680DE70071CE98 /* JSKit.framework in Frameworks */ = {isa = PBXBuildFile; fileRef = 254B303218680DE70071CE98 /* JSKit.framework */; };
/* End PBXBuildFile section */

/* Begin PBXFileReference section */
		254B2FCC1866A3880071CE98 /* StringBuilderTest.app */ = {isa = PBXFileReference; explicitFileType = wrapper.application; includeInIndex = 0; path = StringBuilderTest.app; sourceTree = BUILT_PRODUCTS_DIR; };
		254B2FCF1866A3880071CE98 /* Foundation.framework */ = {isa = PBXFileReference; lastKnownFileType = wrapper.framework; name = Foundation.framework; path = System/Library/Frameworks/Foundation.framework; sourceTree = SDKROOT; };
		254B2FD11866A3880071CE98 /* CoreGraphics.framework */ = {isa = PBXFileReference; lastKnownFileType = wrapper.framework; name = CoreGraphics.framework; path = System/Library/Frameworks/CoreGraphics.framework; sourceTree = SDKROOT; };
		254B2FD31866A3880071CE98 /* UIKit.framework */ = {isa = PBXFileReference; lastKnownFileType = wrapper.framework; name = UIKit.framework; path = System/Library/Frameworks/UIKit.framework; sourceTree = SDKROOT; };
		254B2FD71866A3880071CE98 /* StringBuilderTest-Info.plist */ = {isa = PBXFileReference; lastKnownFileType = text.plist.xml; path = "StringBuilderTest-Info.plist"; sourceTree = "<group>"; };
		254B2FD91866A3880071CE98 /* en */ = {isa = PBXFileReference; lastKnownFileType = text.plist.strings; name = en; path = en.lproj/InfoPlist.strings; sourceTree = "<group>"; };
		254B2FDB1866A3880071CE98 /* main.m */ = {isa = PBXFileReference; lastKnownFileType = sourcecode.c.objc; path = main.m; sourceTree = "<group>"; };
		254B2FDD1866A3880071CE98 /* StringBuilderTest-Prefix.pch */ = {isa = PBXFileReference; lastKnownFileType = sourcecode.c.h; path = "StringBuilderTest-Prefix.pch"; sourceTree = "<group>"; };
		254B2FDE1866A3880071CE98 /* AppDelegate.h */ = {isa = PBXFileReference; lastKnownFileType = sourcecode.c.h; path = AppDelegate.h; sourceTree = "<group>"; };
		254B2FDF1866A3880071CE98 /* AppDelegate.m */ = {isa = PBXFileReference; lastKnownFileType = sourcecode.c.objc; path = AppDelegate.m; sourceTree = "<group>"; };
		254B2FE11866A3880071CE98 /* Images.xcassets */ = {isa = PBXFileReference; lastKnownFileType = folder.assetcatalog; path = Images.xcassets; sourceTree = "<group>"; };
		254B2FE81866A3880071CE98 /* XCTest.framework */ = {isa = PBXFileReference; lastKnownFileType = wrapper.framework; name = XCTest.framework; path = Library/Frameworks/XCTest.framework; sourceTree = DEVELOPER_DIR; };
		254B30041866A4760071CE98 /* en */ = {isa = PBXFileReference; lastKnownFileType = text.plist.strings; name = en; path = en.lproj/Localizable.strings; sourceTree = "<group>"; };
		254B30081866A4760071CE98 /* en */ = {isa = PBXFileReference; lastKnownFileType = sourcecode.c.h; name = en; path = en.lproj/strings.h; sourceTree = "<group>"; };
		254B30091866A4760071CE98 /* NSString+StringBuilderTestLocalizationReader.h */ = {isa = PBXFileReference; fileEncoding = 4; lastKnownFileType = sourcecode.c.h; path = "NSString+StringBuilderTestLocalizationReader.h"; sourceTree = "<group>"; };
		254B300A1866A4760071CE98 /* NSString+StringBuilderTestLocalizationReader.m */ = {isa = PBXFileReference; fileEncoding = 4; lastKnownFileType = sourcecode.c.objc; path = "NSString+StringBuilderTestLocalizationReader.m"; sourceTree = "<group>"; };
		254B300D1866A5070071CE98 /* es */ = {isa = PBXFileReference; lastKnownFileType = text.plist.strings; name = es; path = es.lproj/InfoPlist.strings; sourceTree = "<group>"; };
		254B300E1866A5070071CE98 /* es */ = {isa = PBXFileReference; lastKnownFileType = text.plist.strings; name = es; path = es.lproj/Localizable.strings; sourceTree = "<group>"; };
		254B300F1866A5070071CE98 /* es */ = {isa = PBXFileReference; lastKnownFileType = sourcecode.c.h; name = es; path = es.lproj/strings.h; sourceTree = "<group>"; };
		254B30101866A5520071CE98 /* ViewController.h */ = {isa = PBXFileReference; fileEncoding = 4; lastKnownFileType = sourcecode.c.h; path = ViewController.h; sourceTree = "<group>"; };
		254B30111866A5520071CE98 /* ViewController.m */ = {isa = PBXFileReference; fileEncoding = 4; lastKnownFileType = sourcecode.c.objc; path = ViewController.m; sourceTree = "<group>"; };
		254B301E186805910071CE98 /* ViewController.xib */ = {isa = PBXFileReference; fileEncoding = 4; lastKnownFileType = file.xib; path = ViewController.xib; sourceTree = "<group>"; };
		254B303218680DE70071CE98 /* JSKit.framework */ = {isa = PBXFileReference; lastKnownFileType = wrapper.framework; name = JSKit.framework; path = libs/JSKit.framework; sourceTree = "<group>"; };
/* End PBXFileReference section */

/* Begin PBXFrameworksBuildPhase section */
		254B2FC91866A3880071CE98 /* Frameworks */ = {
			isa = PBXFrameworksBuildPhase;
			buildActionMask = 2147483647;
			files = (
				254B303318680DE70071CE98 /* JSKit.framework in Frameworks */,
				254B2FD21866A3880071CE98 /* CoreGraphics.framework in Frameworks */,
				254B2FD41866A3880071CE98 /* UIKit.framework in Frameworks */,
				254B2FD01866A3880071CE98 /* Foundation.framework in Frameworks */,
			);
			runOnlyForDeploymentPostprocessing = 0;
		};
/* End PBXFrameworksBuildPhase section */

/* Begin PBXGroup section */
		254B2FC31866A3880071CE98 = {
			isa = PBXGroup;
			children = (
				254B2FD51866A3880071CE98 /* StringBuilderTest */,
				254B30011866A4760071CE98 /* res */,
				254B2FCE1866A3880071CE98 /* Frameworks */,
				254B2FCD1866A3880071CE98 /* Products */,
			);
			sourceTree = "<group>";
		};
		254B2FCD1866A3880071CE98 /* Products */ = {
			isa = PBXGroup;
			children = (
				254B2FCC1866A3880071CE98 /* StringBuilderTest.app */,
			);
			name = Products;
			sourceTree = "<group>";
		};
		254B2FCE1866A3880071CE98 /* Frameworks */ = {
			isa = PBXGroup;
			children = (
				254B303218680DE70071CE98 /* JSKit.framework */,
				254B2FCF1866A3880071CE98 /* Foundation.framework */,
				254B2FD11866A3880071CE98 /* CoreGraphics.framework */,
				254B2FD31866A3880071CE98 /* UIKit.framework */,
				254B2FE81866A3880071CE98 /* XCTest.framework */,
			);
			name = Frameworks;
			sourceTree = "<group>";
		};
		254B2FD51866A3880071CE98 /* StringBuilderTest */ = {
			isa = PBXGroup;
			children = (
				254B2FDE1866A3880071CE98 /* AppDelegate.h */,
				254B2FDF1866A3880071CE98 /* AppDelegate.m */,
				254B2FE11866A3880071CE98 /* Images.xcassets */,
				254B2FD61866A3880071CE98 /* Supporting Files */,
				254B30101866A5520071CE98 /* ViewController.h */,
				254B30111866A5520071CE98 /* ViewController.m */,
				254B301E186805910071CE98 /* ViewController.xib */,
			);
			path = StringBuilderTest;
			sourceTree = "<group>";
		};
		254B2FD61866A3880071CE98 /* Supporting Files */ = {
			isa = PBXGroup;
			children = (
				254B2FD71866A3880071CE98 /* StringBuilderTest-Info.plist */,
				254B2FD81866A3880071CE98 /* InfoPlist.strings */,
				254B2FDB1866A3880071CE98 /* main.m */,
				254B2FDD1866A3880071CE98 /* StringBuilderTest-Prefix.pch */,
			);
			name = "Supporting Files";
			sourceTree = "<group>";
		};
		254B30011866A4760071CE98 /* res */ = {
			isa = PBXGroup;
			children = (
				254B30021866A4760071CE98 /* localization */,
				254B30051866A4760071CE98 /* values */,
			);
			path = res;
			sourceTree = "<group>";
		};
		254B30021866A4760071CE98 /* localization */ = {
			isa = PBXGroup;
			children = (
				254B30031866A4760071CE98 /* Localizable.strings */,
			);
			path = localization;
			sourceTree = "<group>";
		};
		254B30051866A4760071CE98 /* values */ = {
			isa = PBXGroup;
			children = (
				254B30061866A4760071CE98 /* strings */,
			);
			path = values;
			sourceTree = "<group>";
		};
		254B30061866A4760071CE98 /* strings */ = {
			isa = PBXGroup;
			children = (
				254B30071866A4760071CE98 /* strings.h */,
				254B30091866A4760071CE98 /* NSString+StringBuilderTestLocalizationReader.h */,
				254B300A1866A4760071CE98 /* NSString+StringBuilderTestLocalizationReader.m */,
			);
			path = strings;
			sourceTree = "<group>";
		};
/* End PBXGroup section */

/* Begin PBXNativeTarget section */
		254B2FCB1866A3880071CE98 /* StringBuilderTest */ = {
			isa = PBXNativeTarget;
			buildConfigurationList = 254B2FF81866A3880071CE98 /* Build configuration list for PBXNativeTarget "StringBuilderTest" */;
			buildPhases = (
				254B30001866A4260071CE98 /* ShellScript */,
				254B2FC81866A3880071CE98 /* Sources */,
				254B2FC91866A3880071CE98 /* Frameworks */,
				254B2FCA1866A3880071CE98 /* Resources */,
			);
			buildRules = (
			);
			dependencies = (
			);
			name = StringBuilderTest;
			productName = StringBuilderTest;
			productReference = 254B2FCC1866A3880071CE98 /* StringBuilderTest.app */;
			productType = "com.apple.product-type.application";
		};
/* End PBXNativeTarget section */

/* Begin PBXProject section */
		254B2FC41866A3880071CE98 /* Project object */ = {
			isa = PBXProject;
			attributes = {
				LastUpgradeCheck = 0500;
				ORGANIZATIONNAME = "shadow coding";
			};
			buildConfigurationList = 254B2FC71866A3880071CE98 /* Build configuration list for PBXProject "StringBuilderTest" */;
			compatibilityVersion = "Xcode 3.2";
			developmentRegion = English;
			hasScannedForEncodings = 0;
			knownRegions = (
				en,
				es,
			);
			mainGroup = 254B2FC31866A3880071CE98;
			productRefGroup = 254B2FCD1866A3880071CE98 /* Products */;
			projectDirPath = "";
			projectRoot = "";
			targets = (
				254B2FCB1866A3880071CE98 /* StringBuilderTest */,
			);
		};
/* End PBXProject section */

/* Begin PBXResourcesBuildPhase section */
		254B2FCA1866A3880071CE98 /* Resources */ = {
			isa = PBXResourcesBuildPhase;
			buildActionMask = 2147483647;
			files = (
				254B301F186805910071CE98 /* ViewController.xib in Resources */,
				254B2FDA1866A3880071CE98 /* InfoPlist.strings in Resources */,
				254B300B1866A4760071CE98 /* Localizable.strings in Resources */,
				254B2FE21866A3880071CE98 /* Images.xcassets in Resources */,
			);
			runOnlyForDeploymentPostprocessing = 0;
		};
/* End PBXResourcesBuildPhase section */

/* Begin PBXShellScriptBuildPhase section */
		254B30001866A4260071CE98 /* ShellScript */ = {
			isa = PBXShellScriptBuildPhase;
			buildActionMask = 2147483647;
			files = (
			);
			inputPaths = (
			);
			outputPaths = (
			);
			runOnlyForDeploymentPostprocessing = 0;
			shellPath = /bin/sh;
			shellScript = "libs/JSKit.framework/Resources/stringBuilder \"StringBuilderTest\"";
		};
/* End PBXShellScriptBuildPhase section */

/* Begin PBXSourcesBuildPhase section */
		254B2FC81866A3880071CE98 /* Sources */ = {
			isa = PBXSourcesBuildPhase;
			buildActionMask = 2147483647;
			files = (
				254B2FE01866A3880071CE98 /* AppDelegate.m in Sources */,
				254B300C1866A4760071CE98 /* NSString+StringBuilderTestLocalizationReader.m in Sources */,
				254B30121866A5520071CE98 /* ViewController.m in Sources */,
				254B2FDC1866A3880071CE98 /* main.m in Sources */,
			);
			runOnlyForDeploymentPostprocessing = 0;
		};
/* End PBXSourcesBuildPhase section */

/* Begin PBXVariantGroup section */
		254B2FD81866A3880071CE98 /* InfoPlist.strings */ = {
			isa = PBXVariantGroup;
			children = (
				254B2FD91866A3880071CE98 /* en */,
				254B300D1866A5070071CE98 /* es */,
			);
			name = InfoPlist.strings;
			sourceTree = "<group>";
		};
		254B30031866A4760071CE98 /* Localizable.strings */ = {
			isa = PBXVariantGroup;
			children = (
				254B30041866A4760071CE98 /* en */,
				254B300E1866A5070071CE98 /* es */,
			);
			name = Localizable.strings;
			sourceTree = "<group>";
		};
		254B30071866A4760071CE98 /* strings.h */ = {
			isa = PBXVariantGroup;
			children = (
				254B30081866A4760071CE98 /* en */,
				254B300F1866A5070071CE98 /* es */,
			);
			name = strings.h;
			sourceTree = "<group>";
		};
/* End PBXVariantGroup section */

/* Begin XCBuildConfiguration section */
		254B2FF61866A3880071CE98 /* Debug */ = {
			isa = XCBuildConfiguration;
			buildSettings = {
				ALWAYS_SEARCH_USER_PATHS = NO;
				ARCHS = "$(ARCHS_STANDARD_INCLUDING_64_BIT)";
				CLANG_CXX_LANGUAGE_STANDARD = "gnu++0x";
				CLANG_CXX_LIBRARY = "libc++";
				CLANG_ENABLE_MODULES = YES;
				CLANG_ENABLE_OBJC_ARC = YES;
				CLANG_WARN_BOOL_CONVERSION = YES;
				CLANG_WARN_CONSTANT_CONVERSION = YES;
				CLANG_WARN_DIRECT_OBJC_ISA_USAGE = YES_ERROR;
				CLANG_WARN_EMPTY_BODY = YES;
				CLANG_WARN_ENUM_CONVERSION = YES;
				CLANG_WARN_INT_CONVERSION = YES;
				CLANG_WARN_OBJC_ROOT_CLASS = YES_ERROR;
				CLANG_WARN__DUPLICATE_METHOD_MATCH = YES;
				"CODE_SIGN_IDENTITY[sdk=iphoneos*]" = "iPhone Developer";
				COPY_PHASE_STRIP = NO;
				GCC_C_LANGUAGE_STANDARD = gnu99;
				GCC_DYNAMIC_NO_PIC = NO;
				GCC_OPTIMIZATION_LEVEL = 0;
				GCC_PREPROCESSOR_DEFINITIONS = (
					"DEBUG=1",
					"$(inherited)",
				);
				GCC_SYMBOLS_PRIVATE_EXTERN = NO;
				GCC_WARN_64_TO_32_BIT_CONVERSION = YES;
				GCC_WARN_ABOUT_RETURN_TYPE = YES_ERROR;
				GCC_WARN_UNDECLARED_SELECTOR = YES;
				GCC_WARN_UNINITIALIZED_AUTOS = YES;
				GCC_WARN_UNUSED_FUNCTION = YES;
				GCC_WARN_UNUSED_VARIABLE = YES;
				IPHONEOS_DEPLOYMENT_TARGET = 7.0;
				ONLY_ACTIVE_ARCH = YES;
				SDKROOT = iphoneos;
				TARGETED_DEVICE_FAMILY = "1,2";
			};
			name = Debug;
		};
		254B2FF71866A3880071CE98 /* Release */ = {
			isa = XCBuildConfiguration;
			buildSettings = {
				ALWAYS_SEARCH_USER_PATHS = NO;
				ARCHS = "$(ARCHS_STANDARD_INCLUDING_64_BIT)";
				CLANG_CXX_LANGUAGE_STANDARD = "gnu++0x";
				CLANG_CXX_LIBRARY = "libc++";
				CLANG_ENABLE_MODULES = YES;
				CLANG_ENABLE_OBJC_ARC = YES;
				CLANG_WARN_BOOL_CONVERSION = YES;
				CLANG_WARN_CONSTANT_CONVERSION = YES;
				CLANG_WARN_DIRECT_OBJC_ISA_USAGE = YES_ERROR;
				CLANG_WARN_EMPTY_BODY = YES;
				CLANG_WARN_ENUM_CONVERSION = YES;
				CLANG_WARN_INT_CONVERSION = YES;
				CLANG_WARN_OBJC_ROOT_CLASS = YES_ERROR;
				CLANG_WARN__DUPLICATE_METHOD_MATCH = YES;
				"CODE_SIGN_IDENTITY[sdk=iphoneos*]" = "iPhone Developer";
				COPY_PHASE_STRIP = YES;
				ENABLE_NS_ASSERTIONS = NO;
				GCC_C_LANGUAGE_STANDARD = gnu99;
				GCC_WARN_64_TO_32_BIT_CONVERSION = YES;
				GCC_WARN_ABOUT_RETURN_TYPE = YES_ERROR;
				GCC_WARN_UNDECLARED_SELECTOR = YES;
				GCC_WARN_UNINITIALIZED_AUTOS = YES;
				GCC_WARN_UNUSED_FUNCTION = YES;
				GCC_WARN_UNUSED_VARIABLE = YES;
				IPHONEOS_DEPLOYMENT_TARGET = 7.0;
				SDKROOT = iphoneos;
				TARGETED_DEVICE_FAMILY = "1,2";
				VALIDATE_PRODUCT = YES;
			};
			name = Release;
		};
		254B2FF91866A3880071CE98 /* Debug */ = {
			isa = XCBuildConfiguration;
			buildSettings = {
				ASSETCATALOG_COMPILER_APPICON_NAME = AppIcon;
				ASSETCATALOG_COMPILER_LAUNCHIMAGE_NAME = LaunchImage;
				FRAMEWORK_SEARCH_PATHS = (
					"$(inherited)",
					/Users/mallarke/Documents/ios/stringBuilder/libs,
					/Users/mallarke/Documents/ios/stringBuilder,
				);
				GCC_PRECOMPILE_PREFIX_HEADER = YES;
				GCC_PREFIX_HEADER = "StringBuilderTest/StringBuilderTest-Prefix.pch";
				INFOPLIST_FILE = "StringBuilderTest/StringBuilderTest-Info.plist";
				PRODUCT_NAME = "$(TARGET_NAME)";
				WRAPPER_EXTENSION = app;
			};
			name = Debug;
		};
		254B2FFA1866A3880071CE98 /* Release */ = {
			isa = XCBuildConfiguration;
			buildSettings = {
				ASSETCATALOG_COMPILER_APPICON_NAME = AppIcon;
				ASSETCATALOG_COMPILER_LAUNCHIMAGE_NAME = LaunchImage;
				FRAMEWORK_SEARCH_PATHS = (
					"$(inherited)",
					/Users/mallarke/Documents/ios/stringBuilder/libs,
					/Users/mallarke/Documents/ios/stringBuilder,
				);
				GCC_PRECOMPILE_PREFIX_HEADER = YES;
				GCC_PREFIX_HEADER = "StringBuilderTest/StringBuilderTest-Prefix.pch";
				INFOPLIST_FILE = "StringBuilderTest/StringBuilderTest-Info.plist";
				PRODUCT_NAME = "$(TARGET_NAME)";
				WRAPPER_EXTENSION = app;
			};
			name = Release;
		};
/* End XCBuildConfiguration section */

/* Begin XCConfigurationList section */
		254B2FC71866A3880071CE98 /* Build configuration list for PBXProject "StringBuilderTest" */ = {
			isa = XCConfigurationList;
			buildConfigurations = (
				254B2FF61866A3880071CE98 /* Debug */,
				254B2FF71866A3880071CE98 /* Release */,
			);
			defaultConfigurationIsVisible = 0;
			defaultConfigurationName = Release;
		};
		254B2FF81866A3880071CE98 /* Build configuration list for PBXNativeTarget "StringBuilderTest" */ = {
			isa = XCConfigurationList;
			buildConfigurations = (
				254B2FF91866A3880071CE98 /* Debug */,
				254B2FFA1866A3880071CE98 /* Release */,
			);
			defaultConfigurationIsVisible = 0;
			defaultConfigurationName = Release;
		};
/* End XCConfigurationList section */
	};
	rootObject = 254B2FC41866A3880071CE98 /* Project object */;
}
